
Microsoft Visual Studio Solution File, Format Version 12.00
# Visual Studio Version 17
VisualStudioVersion = 17.0.32112.339
MinimumVisualStudioVersion = 10.0.40219.1
Project("{9A19103F-16F7-4668-BE54-9A1E7A4F7556}") = "MetroTrilithon", "MetroTrilithon\MetroTrilithon.csproj", "{DF381709-9F44-44ED-A7D6-ECDF157E620D}"
EndProject
Project("{9A19103F-16F7-4668-BE54-9A1E7A4F7556}") = "MetroTrilithon.Desktop", "MetroTrilithon.Desktop\MetroTrilithon.Desktop.csproj", "{4E2EB2E0-E5FE-4FEB-A3E5-5F2F05CD1A67}"
EndProject
Project("{2150E333-8FDC-42A3-9474-1A3956D46DE8}") = ".config", ".config", "{06B4140E-6CBC-4167-AD35-796D206F574C}"
	ProjectSection(SolutionItems) = preProject
		.editorconfig = .editorconfig
	EndProjectSection
EndProject
Project("{2150E333-8FDC-42A3-9474-1A3956D46DE8}") = ".docs", ".docs", "{A3EF000B-E2EA-48DB-ABE2-0C4334650653}"
	ProjectSection(SolutionItems) = preProject
		..\LICENSE.txt = ..\LICENSE.txt
		..\README.md = ..\README.md
	EndProjectSection
EndProject
Global
	GlobalSection(SolutionConfigurationPlatforms) = preSolution
		Debug|Any CPU = Debug|Any CPU
		Release RETRO|Any CPU = Release RETRO|Any CPU
		Release|Any CPU = Release|Any CPU
	EndGlobalSection
	GlobalSection(ProjectConfigurationPlatforms) = postSolution
		{DF381709-9F44-44ED-A7D6-ECDF157E620D}.Debug|Any CPU.ActiveCfg = Debug|Any CPU
		{DF381709-9F44-44ED-A7D6-ECDF157E620D}.Debug|Any CPU.Build.0 = Debug|Any CPU
		{DF381709-9F44-44ED-A7D6-ECDF157E620D}.Release RETRO|Any CPU.ActiveCfg = Release|Any CPU
		{DF381709-9F44-44ED-A7D6-ECDF157E620D}.Release RETRO|Any CPU.Build.0 = Release|Any CPU
		{DF381709-9F44-44ED-A7D6-ECDF157E620D}.Release|Any CPU.ActiveCfg = Release|Any CPU
		{DF381709-9F44-44ED-A7D6-ECDF157E620D}.Release|Any CPU.Build.0 = Release|Any CPU
		{4E2EB2E0-E5FE-4FEB-A3E5-5F2F05CD1A67}.Debug|Any CPU.ActiveCfg = Debug|Any CPU
		{4E2EB2E0-E5FE-4FEB-A3E5-5F2F05CD1A67}.Debug|Any CPU.Build.0 = Debug|Any CPU
		{4E2EB2E0-E5FE-4FEB-A3E5-5F2F05CD1A67}.Release RETRO|Any CPU.ActiveCfg = Release RETRO|Any CPU
		{4E2EB2E0-E5FE-4FEB-A3E5-5F2F05CD1A67}.Release RETRO|Any CPU.Build.0 = Release RETRO|Any CPU
		{4E2EB2E0-E5FE-4FEB-A3E5-5F2F05CD1A67}.Release|Any CPU.ActiveCfg = Release|Any CPU
		{4E2EB2E0-E5FE-4FEB-A3E5-5F2F05CD1A67}.Release|Any CPU.Build.0 = Release|Any CPU
	EndGlobalSection
	GlobalSection(SolutionProperties) = preSolution
		HideSolutionNode = FALSE
	EndGlobalSection
	GlobalSection(ExtensibilityGlobals) = postSolution
		SolutionGuid = {150FB9FF-4828-493F-8705-0E97C94AA676}
	EndGlobalSection
EndGlobal
